
Microsoft Visual Studio Solution File, Format Version 12.00
# Visual Studio Version 16
VisualStudioVersion = 16.0.30204.135
MinimumVisualStudioVersion = 10.0.40219.1
Project("{FAE04EC0-301F-11D3-BF4B-00C04F79EFBC}") = "WebAppCryptoCurrency", "WebAppCryptoCurrency.csproj", "{C51F9A69-22E3-4E3A-8097-73B44269B06E}"
EndProject
Global
	GlobalSection(SolutionConfigurationPlatforms) = preSolution
		Debug|Any CPU = Debug|Any CPU
		Release|Any CPU = Release|Any CPU
	EndGlobalSection
	GlobalSection(ProjectConfigurationPlatforms) = postSolution
		{C51F9A69-22E3-4E3A-8097-73B44269B06E}.Debug|Any CPU.ActiveCfg = Debug|Any CPU
		{C51F9A69-22E3-4E3A-8097-73B44269B06E}.Debug|Any CPU.Build.0 = Debug|Any CPU
		{C51F9A69-22E3-4E3A-8097-73B44269B06E}.Release|Any CPU.ActiveCfg = Release|Any CPU
		{C51F9A69-22E3-4E3A-8097-73B44269B06E}.Release|Any CPU.Build.0 = Release|Any CPU
	EndGlobalSection
	GlobalSection(SolutionProperties) = preSolution
		HideSolutionNode = FALSE
	EndGlobalSection
	GlobalSection(ExtensibilityGlobals) = postSolution
		SolutionGuid = {2DC40D77-AC06-42B7-A0AA-67D0C0DD145F}
	EndGlobalSection
EndGlobal
